
Microsoft Visual Studio Solution File, Format Version 12.00
# Visual Studio Version 16
VisualStudioVersion = 16.0.34601.136
MinimumVisualStudioVersion = 10.0.40219.1
Project("{FAE04EC0-301F-11D3-BF4B-00C04F79EFBC}") = "QuotesWinFormsApp", "QuotesWinFormsApp\QuotesWinFormsApp.csproj", "{758EE480-3DBF-46B8-A94B-0E1F98D2BD22}"
EndProject
Global
	GlobalSection(SolutionConfigurationPlatforms) = preSolution
		Debug|Any CPU = Debug|Any CPU
		Release|Any CPU = Release|Any CPU
	EndGlobalSection
	GlobalSection(ProjectConfigurationPlatforms) = postSolution
		{758EE480-3DBF-46B8-A94B-0E1F98D2BD22}.Debug|Any CPU.ActiveCfg = Debug|Any CPU
		{758EE480-3DBF-46B8-A94B-0E1F98D2BD22}.Debug|Any CPU.Build.0 = Debug|Any CPU
		{758EE480-3DBF-46B8-A94B-0E1F98D2BD22}.Release|Any CPU.ActiveCfg = Release|Any CPU
		{758EE480-3DBF-46B8-A94B-0E1F98D2BD22}.Release|Any CPU.Build.0 = Release|Any CPU
	EndGlobalSection
	GlobalSection(SolutionProperties) = preSolution
		HideSolutionNode = FALSE
	EndGlobalSection
	GlobalSection(ExtensibilityGlobals) = postSolution
		SolutionGuid = {A0CF0380-9A72-4906-BEA8-E79E13E8B14E}
	EndGlobalSection
EndGlobal
